<?xml version="1.0" encoding="UTF-8" standalone="yes" ?>
<CodeBlocks_project_file>
	<FileVersion major="1" minor="6" />
	<Project>
		<Option title="FreeFileSync" />
		<Option makefile="makefile" />
		<Option pch_mode="2" />
		<Option compiler="gcc" />
		<Build>
			<Target title="Release">
				<Option output="BUILD\Bin\FreeFileSync_Win32" prefix_auto="1" extension_auto="1" />
				<Option working_dir="BUILD\" />
				<Option object_output="OBJ\FFS_Release_32_MinGW\" />
				<Option type="0" />
				<Option compiler="gcc" />
				<Option projectCompilerOptionsRelation="2" />
				<Option projectLinkerOptionsRelation="2" />
				<Compiler>
					<Add option="-O3" />
					<Add option="-DNDEBUG" />
					<Add directory="C:\Programme\C++\wxWidgets\lib\gcc_lib\mswu" />
				</Compiler>
				<Linker>
					<Add option="-s" />
					<Add option="-static" />
					<Add library="libboost_thread-mgw45-mt-s-1_47.a" />
					<Add library="libwxmsw28u_aui.a" />
					<Add library="libwxmsw28u_adv.a" />
					<Add library="libwxmsw28u_core.a" />
					<Add library="libwxbase28u.a" />
					<Add library="libwxbase28u_net.a" />
					<Add library="libwxpng.a" />
					<Add library="libwxzlib.a" />
					<Add directory="C:\Programme\C++\wxWidgets\lib\gcc_lib" />
				</Linker>
			</Target>
			<Target title="Debug-DLL">
				<Option output="BUILD\Bin\FreeFileSync_Debug" prefix_auto="1" extension_auto="1" />
				<Option working_dir="BUILD" />
				<Option object_output="OBJ\FFS_Debug_32_MinGW\" />
				<Option type="0" />
				<Option compiler="gcc" />
				<Option projectCompilerOptionsRelation="2" />
				<Option projectLinkerOptionsRelation="2" />
				<Compiler>
					<Add option="-g" />
					<Add option="-Winvalid-pch" />
					<Add option='-include &quot;shared/pch.h&quot;' />
					<Add option="-D__WXDEBUG__" />
					<Add directory="C:\Programme\C++\wxWidgets\lib\gcc_dll\mswud" />
				</Compiler>
				<Linker>
					<Add library="libboost_thread-mgw45-mt-sd-1_47.a" />
					<Add library="libwxmsw28ud_aui.a" />
					<Add library="libwxmsw28ud_adv.a" />
					<Add library="libwxmsw28ud_core.a" />
					<Add library="libwxbase28ud.a" />
					<Add library="libwxbase28ud_net.a" />
					<Add directory="C:\Programme\C++\wxWidgets\lib\gcc_dll" />
				</Linker>
			</Target>
			<Target title="Unit Test">
				<Option output="OBJ\Unit_Test_MinGW\Unit Test" prefix_auto="1" extension_auto="1" />
				<Option working_dir="OBJ\Unit_Test_MinGW\" />
				<Option object_output="OBJ\Unit_Test_MinGW\" />
				<Option type="1" />
				<Option compiler="gcc" />
				<Option projectCompilerOptionsRelation="2" />
				<Option projectLinkerOptionsRelation="2" />
				<Compiler>
					<Add option="-g" />
					<Add option="-Winvalid-pch" />
					<Add option='-include &quot;shared/pch.h&quot;' />
					<Add option="-D__WXDEBUG__" />
					<Add directory="C:\Programme\C++\wxWidgets\lib\gcc_dll\mswud" />
					<Add directory="library\gtest" />
					<Add directory="library\gtest\include" />
				</Compiler>
				<Linker>
					<Add library="libboost_thread-mgw45-mt-sd-1_47.a" />
					<Add library="libwxmsw28ud_adv.a" />
					<Add library="libwxmsw28ud_core.a" />
					<Add library="libwxbase28ud.a" />
					<Add library="libwxpngd.a" />
					<Add library="libwxzlibd.a" />
					<Add directory="C:\Programme\C++\wxWidgets\lib\gcc_dll" />
				</Linker>
			</Target>
		</Build>
		<Compiler>
			<Add option="-Wshadow" />
			<Add option="-Winit-self" />
			<Add option="-Wredundant-decls" />
			<Add option="-Wcast-align" />
			<Add option="-Wmissing-include-dirs" />
			<Add option="-Wswitch-enum" />
			<Add option="-Wmain" />
			<Add option="-Wall" />
			<Add option="-pipe" />
			<Add option="-mthreads" />
			<Add option="-std=gnu++0x" />
			<Add option='-include &quot;shared/warn_static.h&quot;' />
			<Add option="-D__GNUWIN32__" />
			<Add option="-D__WXMSW__" />
			<Add option="-DFFS_WIN" />
			<Add option="-DwxUSE_UNICODE" />
			<Add option="-DBOOST_THREAD_USE_LIB" />
			<Add option="-DWXINTL_NO_GETTEXT_MACRO" />
			<Add option="-DZEN_PLATFORM_WINDOWS" />
			<Add directory="C:\Programme\C++\wxWidgets\include" />
			<Add directory="C:\Program Files\C++\Boost" />
			<Add directory="shared" />
		</Compiler>
		<ResourceCompiler>
			<Add directory="C:\Programme\C++\wxWidgets\include" />
		</ResourceCompiler>
		<Linker>
			<Add option="-mthreads" />
			<Add library="libkernel32.a" />
			<Add library="libuser32.a" />
			<Add library="libuuid.a" />
			<Add library="libcomctl32.a" />
			<Add library="libole32.a" />
			<Add library="liboleaut32.a" />
			<Add library="libgdi32.a" />
			<Add library="libcomdlg32.a" />
			<Add library="libws2_32.a" />
			<Add library="libwinspool.a" />
			<Add library="libwinmm.a" />
			<Add library="libmpr.a" />
			<Add directory="C:\Program Files\C++\Boost\stage\lib" />
		</Linker>
		<Unit filename="WxWizFrame.fbp">
			<Option target="&lt;{~None~}&gt;" />
		</Unit>
		<Unit filename="algorithm.cpp" />
		<Unit filename="algorithm.h">
			<Option target="&lt;{~None~}&gt;" />
		</Unit>
		<Unit filename="application.cpp">
			<Option target="Release" />
			<Option target="Debug-DLL" />
		</Unit>
		<Unit filename="application.h">
			<Option target="&lt;{~None~}&gt;" />
		</Unit>
		<Unit filename="comparison.cpp" />
		<Unit filename="comparison.h">
			<Option target="&lt;{~None~}&gt;" />
		</Unit>
		<Unit filename="file_hierarchy.cpp" />
		<Unit filename="file_hierarchy.h" />
		<Unit filename="library\binary.cpp" />
		<Unit filename="library\binary.h" />
		<Unit filename="library\custom_grid.cpp">
			<Option target="Release" />
			<Option target="Debug-DLL" />
		</Unit>
		<Unit filename="library\custom_grid.h">
			<Option target="&lt;{~None~}&gt;" />
		</Unit>
		<Unit filename="library\db_file.cpp" />
		<Unit filename="library\db_file.h">
			<Option target="Release" />
			<Option target="Debug-DLL" />
		</Unit>
		<Unit filename="library\detect_renaming.h" />
		<Unit filename="library\dir_exist_async.h" />
		<Unit filename="library\dir_lock.cpp" />
		<Unit filename="library\dir_lock.h" />
		<Unit filename="library\error_log.cpp">
			<Option target="Release" />
			<Option target="Debug-DLL" />
		</Unit>
		<Unit filename="library\error_log.h">
			<Option target="Release" />
			<Option target="Debug-DLL" />
		</Unit>
		<Unit filename="library\gtest\main.cpp">
			<Option target="Unit Test" />
		</Unit>
		<Unit filename="library\gtest\src\gtest-all.cc">
			<Option target="Unit Test" />
		</Unit>
		<Unit filename="library\gtest\src\gtest-internal-inl.h">
			<Option target="Unit Test" />
		</Unit>
		<Unit filename="library\gtest\unittest.h">
			<Option target="&lt;{~None~}&gt;" />
		</Unit>
		<Unit filename="library\gtest\unittest1.cpp">
			<Option target="Unit Test" />
		</Unit>
		<Unit filename="library\gtest\unittest2.cpp">
			<Option target="Unit Test" />
		</Unit>
		<Unit filename="library\gtest\unittest3.cpp">
			<Option target="Unit Test" />
		</Unit>
		<Unit filename="library\hard_filter.cpp" />
		<Unit filename="library\hard_filter.h" />
		<Unit filename="library\icon_buffer.cpp">
			<Option target="Release" />
			<Option target="Debug-DLL" />
		</Unit>
		<Unit filename="library\icon_buffer.h">
			<Option target="Release" />
			<Option target="Debug-DLL" />
		</Unit>
		<Unit filename="library\lock_holder.h" />
		<Unit filename="library\norm_filter.h" />
		<Unit filename="library\parallel_scan.cpp" />
		<Unit filename="library\parallel_scan.h" />
		<Unit filename="library\process_xml.cpp" />
		<Unit filename="library\process_xml.h">
			<Option target="&lt;{~None~}&gt;" />
		</Unit>
		<Unit filename="library\resources.cpp" />
		<Unit filename="library\resources.h">
			<Option target="&lt;{~None~}&gt;" />
		</Unit>
		<Unit filename="library\soft_filter.h" />
		<Unit filename="library\statistics.cpp">
			<Option target="Release" />
			<Option target="Debug-DLL" />
		</Unit>
		<Unit filename="library\statistics.h">
			<Option target="&lt;{~None~}&gt;" />
		</Unit>
		<Unit filename="library\status_handler.cpp" />
		<Unit filename="library\status_handler.h">
			<Option target="&lt;{~None~}&gt;" />
		</Unit>
		<Unit filename="resource.rc">
			<Option compilerVar="WINDRES" />
			<Option target="Release" />
			<Option target="Debug-DLL" />
		</Unit>
		<Unit filename="shared\FindFilePlus\find_file_plus.h" />
		<Unit filename="shared\Recycler.h" />
		<Unit filename="shared\app_main.cpp">
			<Option target="Release" />
			<Option target="Debug-DLL" />
		</Unit>
		<Unit filename="shared\app_main.h">
			<Option target="Release" />
			<Option target="Debug-DLL" />
		</Unit>
		<Unit filename="shared\boost_thread_wrap.h" />
		<Unit filename="shared\build_info.h" />
		<Unit filename="shared\check_exist.h" />
		<Unit filename="shared\custom_button.cpp">
			<Option target="Release" />
			<Option target="Debug-DLL" />
		</Unit>
		<Unit filename="shared\custom_button.h">
			<Option target="Release" />
			<Option target="Debug-DLL" />
		</Unit>
		<Unit filename="shared\custom_tooltip.cpp">
			<Option target="Release" />
			<Option target="Debug-DLL" />
		</Unit>
		<Unit filename="shared\custom_tooltip.h">
			<Option target="Release" />
			<Option target="Debug-DLL" />
		</Unit>
		<Unit filename="shared\dir_name.cpp" />
		<Unit filename="shared\dir_name.h" />
		<Unit filename="shared\dir_picker_i18n.h" />
		<Unit filename="shared\disable_standby.h" />
		<Unit filename="shared\dll_loader.h" />
		<Unit filename="shared\dst_hack.cpp" />
		<Unit filename="shared\dst_hack.h" />
		<Unit filename="shared\file_drop.h" />
		<Unit filename="shared\file_error.h" />
		<Unit filename="shared\file_handling.cpp" />
		<Unit filename="shared\file_handling.h" />
		<Unit filename="shared\file_id.cpp" />
		<Unit filename="shared\file_id.h" />
		<Unit filename="shared\file_io.cpp" />
		<Unit filename="shared\file_io.h" />
		<Unit filename="shared\file_traverser.cpp" />
		<Unit filename="shared\file_traverser.h" />
		<Unit filename="shared\file_update_handle.h" />
		<Unit filename="shared\folder_history_box.cpp" />
		<Unit filename="shared\folder_history_box.h" />
		<Unit filename="shared\global_func.h" />
		<Unit filename="shared\guid.cpp" />
		<Unit filename="shared\guid.h" />
		<Unit filename="shared\help_provider.cpp">
			<Option target="Release" />
			<Option target="Debug-DLL" />
		</Unit>
		<Unit filename="shared\help_provider.h">
			<Option target="Release" />
			<Option target="Debug-DLL" />
		</Unit>
		<Unit filename="shared\i18n.cpp" />
		<Unit filename="shared\i18n.h" />
		<Unit filename="shared\int64.h" />
		<Unit filename="shared\last_error.cpp" />
		<Unit filename="shared\last_error.h" />
		<Unit filename="shared\localization.cpp" />
		<Unit filename="shared\localization.h" />
		<Unit filename="shared\long_path_prefix.h" />
		<Unit filename="shared\mouse_move_dlg.cpp">
			<Option target="Release" />
			<Option target="Debug-DLL" />
		</Unit>
		<Unit filename="shared\parse_plural.h" />
		<Unit filename="shared\parse_txt.h" />
		<Unit filename="shared\pch.h">
			<Option compile="1" />
			<Option weight="0" />
			<Option target="Unit Test" />
			<Option target="Debug-DLL" />
		</Unit>
		<Unit filename="shared\privilege.cpp" />
		<Unit filename="shared\privilege.h" />
		<Unit filename="shared\recycler.cpp" />
		<Unit filename="shared\recycler.h" />
		<Unit filename="shared\resolve_path.cpp" />
		<Unit filename="shared\resolve_path.h" />
		<Unit filename="shared\serialize.cpp" />
		<Unit filename="shared\serialize.h" />
		<Unit filename="shared\shadow.cpp" />
		<Unit filename="shared\shadow.h" />
		<Unit filename="shared\standard_paths.cpp" />
		<Unit filename="shared\standard_paths.h" />
		<Unit filename="shared\string_conv.h" />
		<Unit filename="shared\string_tools.h" />
		<Unit filename="shared\symlink_target.h" />
		<Unit filename="shared\system_constants.h" />
		<Unit filename="shared\taskbar.cpp">
			<Option target="Release" />
			<Option target="Debug-DLL" />
		</Unit>
		<Unit filename="shared\taskbar.h">
			<Option target="Release" />
			<Option target="Debug-DLL" />
		</Unit>
		<Unit filename="shared\toggle_button.cpp">
			<Option target="Release" />
			<Option target="Debug-DLL" />
		</Unit>
		<Unit filename="shared\toggle_button.h">
			<Option target="Release" />
			<Option target="Debug-DLL" />
		</Unit>
		<Unit filename="shared\util.cpp" />
		<Unit filename="shared\util.h" />
		<Unit filename="shared\wx_choice_enum.h" />
		<Unit filename="shared\xml_base.cpp" />
		<Unit filename="shared\xml_base.h" />
		<Unit filename="shared\xml_error.h" />
		<Unit filename="shared\zbase.h" />
		<Unit filename="shared\zstring.cpp" />
		<Unit filename="shared\zstring.h" />
		<Unit filename="structures.cpp" />
		<Unit filename="structures.h">
			<Option target="&lt;{~None~}&gt;" />
		</Unit>
		<Unit filename="synchronization.cpp" />
		<Unit filename="synchronization.h">
			<Option target="&lt;{~None~}&gt;" />
		</Unit>
		<Unit filename="ui\batch_config.cpp">
			<Option target="Release" />
			<Option target="Debug-DLL" />
		</Unit>
		<Unit filename="ui\batch_config.h">
			<Option target="Release" />
			<Option target="Debug-DLL" />
		</Unit>
		<Unit filename="ui\batch_status_handler.cpp">
			<Option target="Release" />
			<Option target="Debug-DLL" />
		</Unit>
		<Unit filename="ui\batch_status_handler.h" />
		<Unit filename="ui\check_version.cpp">
			<Option target="Release" />
			<Option target="Debug-DLL" />
		</Unit>
		<Unit filename="ui\check_version.h">
			<Option target="&lt;{~None~}&gt;" />
		</Unit>
		<Unit filename="ui\folder_pair.h">
			<Option target="Release" />
			<Option target="Debug-DLL" />
		</Unit>
		<Unit filename="ui\grid_view.cpp">
			<Option target="Release" />
			<Option target="Debug-DLL" />
		</Unit>
		<Unit filename="ui\grid_view.h">
			<Option target="&lt;{~None~}&gt;" />
		</Unit>
		<Unit filename="ui\gui_generated.cpp">
			<Option target="Release" />
			<Option target="Debug-DLL" />
		</Unit>
		<Unit filename="ui\gui_generated.h">
			<Option target="&lt;{~None~}&gt;" />
		</Unit>
		<Unit filename="ui\gui_status_handler.cpp">
			<Option target="Release" />
			<Option target="Debug-DLL" />
		</Unit>
		<Unit filename="ui\gui_status_handler.h">
			<Option target="&lt;{~None~}&gt;" />
		</Unit>
		<Unit filename="ui\main_dlg.cpp">
			<Option target="Release" />
			<Option target="Debug-DLL" />
		</Unit>
		<Unit filename="ui\main_dlg.h">
			<Option target="&lt;{~None~}&gt;" />
		</Unit>
		<Unit filename="ui\msg_popup.cpp">
			<Option target="Release" />
			<Option target="Debug-DLL" />
		</Unit>
		<Unit filename="ui\msg_popup.h" />
		<Unit filename="ui\progress_indicator.cpp">
			<Option target="Release" />
			<Option target="Debug-DLL" />
		</Unit>
		<Unit filename="ui\progress_indicator.h" />
		<Unit filename="ui\search.cpp">
			<Option target="Release" />
			<Option target="Debug-DLL" />
		</Unit>
		<Unit filename="ui\search.h" />
		<Unit filename="ui\small_dlgs.cpp">
			<Option target="Release" />
			<Option target="Debug-DLL" />
		</Unit>
		<Unit filename="ui\small_dlgs.h">
			<Option target="&lt;{~None~}&gt;" />
		</Unit>
		<Unit filename="ui\sorting.h">
			<Option target="&lt;{~None~}&gt;" />
		</Unit>
		<Unit filename="ui\switch_to_gui.cpp">
			<Option target="Release" />
			<Option target="Debug-DLL" />
		</Unit>
		<Unit filename="ui\switch_to_gui.h">
			<Option target="Release" />
			<Option target="Debug-DLL" />
		</Unit>
		<Unit filename="ui\sync_cfg.cpp">
			<Option target="Release" />
			<Option target="Debug-DLL" />
		</Unit>
		<Unit filename="ui\sync_cfg.h">
			<Option target="Release" />
			<Option target="Debug-DLL" />
		</Unit>
		<Unit filename="ui\tray_icon.cpp">
			<Option target="Release" />
			<Option target="Debug-DLL" />
		</Unit>
		<Unit filename="ui\tray_icon.h" />
		<Extensions>
			<code_completion />
			<envvars />
			<debugger />
			<DoxyBlocks>
				<comment_style block="0" line="0" />
				<doxyfile_project />
				<doxyfile_build />
				<doxyfile_warnings />
				<doxyfile_output />
				<doxyfile_dot />
				<general />
			</DoxyBlocks>
		</Extensions>
	</Project>
</CodeBlocks_project_file>
